# This file is automatically @generated by Cargo.
# It is not intended for manual editing.
version = 3

[[package]]
name = "libits"
version = "2.0.0"
dependencies = [
 "map_3d",
]

[[package]]
name = "map_3d"
version = "0.1.5"
source = "registry+https://github.com/rust-lang/crates.io-index"
checksum = "b0fc1b6107fbd06c96e5e481fcf3e6575b873eb84f5b68f1f5706cde0fed42c4"
